
Microsoft Visual Studio Solution File, Format Version 12.00
# Visual Studio Version 17
VisualStudioVersion = 17.9.34622.214
MinimumVisualStudioVersion = 10.0.40219.1
Project("{9A19103F-16F7-4668-BE54-9A1E7A4F7556}") = "user-service", "user-service\user-service.csproj", "{1384A762-3F6C-479B-984A-42E3154392E5}"
EndProject
Global
	GlobalSection(SolutionConfigurationPlatforms) = preSolution
		Debug|Any CPU = Debug|Any CPU
		Release|Any CPU = Release|Any CPU
	EndGlobalSection
	GlobalSection(ProjectConfigurationPlatforms) = postSolution
		{1384A762-3F6C-479B-984A-42E3154392E5}.Debug|Any CPU.ActiveCfg = Debug|Any CPU
		{1384A762-3F6C-479B-984A-42E3154392E5}.Debug|Any CPU.Build.0 = Debug|Any CPU
		{1384A762-3F6C-479B-984A-42E3154392E5}.Release|Any CPU.ActiveCfg = Release|Any CPU
		{1384A762-3F6C-479B-984A-42E3154392E5}.Release|Any CPU.Build.0 = Release|Any CPU
	EndGlobalSection
	GlobalSection(SolutionProperties) = preSolution
		HideSolutionNode = FALSE
	EndGlobalSection
	GlobalSection(ExtensibilityGlobals) = postSolution
		SolutionGuid = {6FBF9642-C352-4F5E-8B3E-1B39CC3C7BCC}
	EndGlobalSection
EndGlobal
